{
  "originHash" : "85ec929918918f8d87ec7e29b79ab1f4d805391a7477c6c587afe3020ab713a7",
  "pins" : [
    {
      "identity" : "swift-syntax",
      "kind" : "remoteSourceControl",
      "location" : "https://github.com/swiftlang/swift-syntax.git",
      "state" : {
        "revision" : "4799286537280063c85a32f09884cfbca301b1a1",
        "version" : "602.0.0"
      }
    },
    {
      "identity" : "swift-testing",
      "kind" : "remoteSourceControl",
      "location" : "https://github.com/swiftlang/swift-testing.git",
      "state" : {
        "branch" : "48a471a",
        "revision" : "48a471ab313e858258ab0b9b0bf2cea55a50cefb"
      }
    }
  ],
  "version" : 3
}
