{
  "originHash" : "7a8639b4b20418af75a7f524f8f36ef0621f768f6e3214cc316706d9958d5969",
  "pins" : [
    {
      "identity" : "swift-syntax",
      "kind" : "remoteSourceControl",
      "location" : "https://github.com/swiftlang/swift-syntax.git",
      "state" : {
        "revision" : "0687f71944021d616d34d922343dcef086855920",
        "version" : "600.0.1"
      }
    },
    {
      "identity" : "swift-testing",
      "kind" : "remoteSourceControl",
      "location" : "https://github.com/swiftlang/swift-testing.git",
      "state" : {
        "revision" : "18c42c19cac3fafd61cab1156d4088664b7424ae"
      }
    }
  ],
  "version" : 3
}
